
Microsoft Visual Studio Solution File, Format Version 12.00
# Visual Studio Version 16
VisualStudioVersion = 16.0.29613.14
MinimumVisualStudioVersion = 10.0.40219.1
Project("{FAE04EC0-301F-11D3-BF4B-00C04F79EFBC}") = "Caesar cipher", "Caesar cipher.csproj", "{987E44E1-374F-46A6-A73E-62B2D1378A0B}"
EndProject
Global
	GlobalSection(SolutionConfigurationPlatforms) = preSolution
		Debug|Any CPU = Debug|Any CPU
		Release|Any CPU = Release|Any CPU
	EndGlobalSection
	GlobalSection(ProjectConfigurationPlatforms) = postSolution
		{987E44E1-374F-46A6-A73E-62B2D1378A0B}.Debug|Any CPU.ActiveCfg = Debug|Any CPU
		{987E44E1-374F-46A6-A73E-62B2D1378A0B}.Debug|Any CPU.Build.0 = Debug|Any CPU
		{987E44E1-374F-46A6-A73E-62B2D1378A0B}.Release|Any CPU.ActiveCfg = Release|Any CPU
		{987E44E1-374F-46A6-A73E-62B2D1378A0B}.Release|Any CPU.Build.0 = Release|Any CPU
	EndGlobalSection
	GlobalSection(SolutionProperties) = preSolution
		HideSolutionNode = FALSE
	EndGlobalSection
	GlobalSection(ExtensibilityGlobals) = postSolution
		SolutionGuid = {9CD5C9BD-A545-4F13-B38B-51F2FCDF115D}
	EndGlobalSection
EndGlobal
